
Microsoft Visual Studio Solution File, Format Version 12.00
# Visual Studio Version 16
VisualStudioVersion = 16.0.30717.126
MinimumVisualStudioVersion = 10.0.40219.1
Project("{9A19103F-16F7-4668-BE54-9A1E7A4F7556}") = "KazandiRio.Api", "KazandiRio.Api\KazandiRio.Api.csproj", "{F9DA7A6D-0374-4C21-BF9D-546B537584DA}"
EndProject
Project("{9A19103F-16F7-4668-BE54-9A1E7A4F7556}") = "KazandiRio.Domain", "KazandiRio.Domain\KazandiRio.Domain.csproj", "{1E3BD4FB-CB1D-4ACE-8E65-C4384E9B0DE7}"
EndProject
Project("{9A19103F-16F7-4668-BE54-9A1E7A4F7556}") = "KazandiRio.Repository", "KazandiRio.Repository\KazandiRio.Repository.csproj", "{921CA993-1BF0-419E-BA8A-6D2C5DE81335}"
EndProject
Project("{9A19103F-16F7-4668-BE54-9A1E7A4F7556}") = "KazandiRio.Application", "KazandiRio.Application\KazandiRio.Application.csproj", "{FF9E3202-FA49-46BC-B1A8-FD8B91F0DB78}"
EndProject
Project("{FAE04EC0-301F-11D3-BF4B-00C04F79EFBC}") = "KazandiRio.Core", "KazandiRio.Core\KazandiRio.Core.csproj", "{41653CCF-12A5-490A-B751-86FD533866E3}"
EndProject
Global
	GlobalSection(SolutionConfigurationPlatforms) = preSolution
		Debug|Any CPU = Debug|Any CPU
		Release|Any CPU = Release|Any CPU
	EndGlobalSection
	GlobalSection(ProjectConfigurationPlatforms) = postSolution
		{F9DA7A6D-0374-4C21-BF9D-546B537584DA}.Debug|Any CPU.ActiveCfg = Debug|Any CPU
		{F9DA7A6D-0374-4C21-BF9D-546B537584DA}.Debug|Any CPU.Build.0 = Debug|Any CPU
		{F9DA7A6D-0374-4C21-BF9D-546B537584DA}.Release|Any CPU.ActiveCfg = Release|Any CPU
		{F9DA7A6D-0374-4C21-BF9D-546B537584DA}.Release|Any CPU.Build.0 = Release|Any CPU
		{1E3BD4FB-CB1D-4ACE-8E65-C4384E9B0DE7}.Debug|Any CPU.ActiveCfg = Debug|Any CPU
		{1E3BD4FB-CB1D-4ACE-8E65-C4384E9B0DE7}.Debug|Any CPU.Build.0 = Debug|Any CPU
		{1E3BD4FB-CB1D-4ACE-8E65-C4384E9B0DE7}.Release|Any CPU.ActiveCfg = Release|Any CPU
		{1E3BD4FB-CB1D-4ACE-8E65-C4384E9B0DE7}.Release|Any CPU.Build.0 = Release|Any CPU
		{921CA993-1BF0-419E-BA8A-6D2C5DE81335}.Debug|Any CPU.ActiveCfg = Debug|Any CPU
		{921CA993-1BF0-419E-BA8A-6D2C5DE81335}.Debug|Any CPU.Build.0 = Debug|Any CPU
		{921CA993-1BF0-419E-BA8A-6D2C5DE81335}.Release|Any CPU.ActiveCfg = Release|Any CPU
		{921CA993-1BF0-419E-BA8A-6D2C5DE81335}.Release|Any CPU.Build.0 = Release|Any CPU
		{FF9E3202-FA49-46BC-B1A8-FD8B91F0DB78}.Debug|Any CPU.ActiveCfg = Debug|Any CPU
		{FF9E3202-FA49-46BC-B1A8-FD8B91F0DB78}.Debug|Any CPU.Build.0 = Debug|Any CPU
		{FF9E3202-FA49-46BC-B1A8-FD8B91F0DB78}.Release|Any CPU.ActiveCfg = Release|Any CPU
		{FF9E3202-FA49-46BC-B1A8-FD8B91F0DB78}.Release|Any CPU.Build.0 = Release|Any CPU
		{41653CCF-12A5-490A-B751-86FD533866E3}.Debug|Any CPU.ActiveCfg = Debug|Any CPU
		{41653CCF-12A5-490A-B751-86FD533866E3}.Debug|Any CPU.Build.0 = Debug|Any CPU
		{41653CCF-12A5-490A-B751-86FD533866E3}.Release|Any CPU.ActiveCfg = Release|Any CPU
		{41653CCF-12A5-490A-B751-86FD533866E3}.Release|Any CPU.Build.0 = Release|Any CPU
	EndGlobalSection
	GlobalSection(SolutionProperties) = preSolution
		HideSolutionNode = FALSE
	EndGlobalSection
	GlobalSection(ExtensibilityGlobals) = postSolution
		SolutionGuid = {696FAFAE-E8C6-49BD-9572-74636E364196}
	EndGlobalSection
EndGlobal
